
Microsoft Visual Studio Solution File, Format Version 12.00
# Visual Studio Version 16
VisualStudioVersion = 16.0.31829.152
MinimumVisualStudioVersion = 10.0.40219.1
Project("{B3F53468-5B2B-4002-9C72-26EB6AEB9CB7}") = "TdcFuture.WebApi", "TdcFuture.WebApi\TdcFuture.WebApi.csproj", "{04F087AC-AFDF-48DA-BEAD-D237C927D337}"
EndProject
Project("{B3F53468-5B2B-4002-9C72-26EB6AEB9CB7}") = "TdcFuture.Domain", "TdcFuture.Domain\TdcFuture.Domain.csproj", "{EE359AF7-A101-428C-ABCF-B58E759E668E}"
EndProject
Project("{B3F53468-5B2B-4002-9C72-26EB6AEB9CB7}") = "TdcFuture.Repository", "TdcFuture.Repository\TdcFuture.Repository.csproj", "{AC11C945-AEBC-418B-8DE6-85792FB8EE5E}"
EndProject
Global
	GlobalSection(SolutionConfigurationPlatforms) = preSolution
		Debug|Any CPU = Debug|Any CPU
		Release|Any CPU = Release|Any CPU
	EndGlobalSection
	GlobalSection(ProjectConfigurationPlatforms) = postSolution
		{04F087AC-AFDF-48DA-BEAD-D237C927D337}.Debug|Any CPU.ActiveCfg = Debug|Any CPU
		{04F087AC-AFDF-48DA-BEAD-D237C927D337}.Debug|Any CPU.Build.0 = Debug|Any CPU
		{04F087AC-AFDF-48DA-BEAD-D237C927D337}.Release|Any CPU.ActiveCfg = Release|Any CPU
		{04F087AC-AFDF-48DA-BEAD-D237C927D337}.Release|Any CPU.Build.0 = Release|Any CPU
		{EE359AF7-A101-428C-ABCF-B58E759E668E}.Debug|Any CPU.ActiveCfg = Debug|Any CPU
		{EE359AF7-A101-428C-ABCF-B58E759E668E}.Debug|Any CPU.Build.0 = Debug|Any CPU
		{EE359AF7-A101-428C-ABCF-B58E759E668E}.Release|Any CPU.ActiveCfg = Release|Any CPU
		{EE359AF7-A101-428C-ABCF-B58E759E668E}.Release|Any CPU.Build.0 = Release|Any CPU
		{AC11C945-AEBC-418B-8DE6-85792FB8EE5E}.Debug|Any CPU.ActiveCfg = Debug|Any CPU
		{AC11C945-AEBC-418B-8DE6-85792FB8EE5E}.Debug|Any CPU.Build.0 = Debug|Any CPU
		{AC11C945-AEBC-418B-8DE6-85792FB8EE5E}.Release|Any CPU.ActiveCfg = Release|Any CPU
		{AC11C945-AEBC-418B-8DE6-85792FB8EE5E}.Release|Any CPU.Build.0 = Release|Any CPU
	EndGlobalSection
	GlobalSection(SolutionProperties) = preSolution
		HideSolutionNode = FALSE
	EndGlobalSection
	GlobalSection(ExtensibilityGlobals) = postSolution
		SolutionGuid = {A682365E-CB2C-43EB-8657-42A515460050}
	EndGlobalSection
EndGlobal
